{
  "name": "watai",
  "version": "0.6.2-alpha.2",
  "dependencies": {
    "q": {
      "version": "0.9.7",
      "from": "q@>= 0.9.5"
    },
    "mootools": {
      "version": "1.4.5-2",
      "from": "mootools@1.4"
    },
    "winston": {
      "version": "0.6.2",
      "from": "winston@0.6",
      "dependencies": {
        "async": {
          "version": "0.1.22",
          "from": "async@0.1.x"
        },
        "colors": {
          "version": "0.6.2",
          "from": "colors@0.x.x"
        },
        "cycle": {
          "version": "1.0.2",
          "from": "cycle@1.0.x"
        },
        "eyes": {
          "version": "0.1.8",
          "from": "eyes@0.1.x"
        },
        "pkginfo": {
          "version": "0.2.3",
          "from": "pkginfo@0.2.x"
        },
        "request": {
          "version": "2.9.203",
          "from": "request@2.9.x"
        },
        "stack-trace": {
          "version": "0.0.7",
          "from": "stack-trace@0.0.x"
        }
      }
    },
    "wd": {
      "version": "0.1.5",
      "from": "wd@0.1",
      "version": "0.2.6",
      "from": "wd@0.2.6",
      "resolved": "https://registry.npmjs.org/wd/-/wd-0.2.6.tgz",
      "dependencies": {
        "async": {
          "version": "0.2.9",
          "from": "async@~0.2.9"
        },
        "vargs": {
          "version": "0.1.0",
          "from": "vargs@~0.1.0"
        },
        "request": {
          "version": "2.21.0",
          "from": "request@~2.21.0",
          "dependencies": {
            "qs": {
              "version": "0.6.6",
              "from": "qs@~0.6.0"
            },
            "json-stringify-safe": {
              "version": "4.0.0",
              "from": "json-stringify-safe@~4.0.0"
            },
            "forever-agent": {
              "version": "0.5.0",
              "from": "forever-agent@~0.5.0"
            },
            "tunnel-agent": {
              "version": "0.3.0",
              "from": "tunnel-agent@~0.3.0"
            },
            "http-signature": {
              "version": "0.9.11",
              "from": "http-signature@~0.9.11",
              "dependencies": {
                "assert-plus": {
                  "version": "0.1.2",
                  "from": "assert-plus@0.1.2"
                },
                "asn1": {
                  "version": "0.1.11",
                  "from": "asn1@0.1.11"
                },
                "ctype": {
                  "version": "0.5.2",
                  "from": "ctype@0.5.2"
                }
              }
            },
            "hawk": {
              "version": "0.13.1",
              "from": "hawk@~0.13.0",
              "dependencies": {
                "hoek": {
                  "version": "0.8.5",
                  "from": "hoek@0.8.x"
                },
                "boom": {
                  "version": "0.4.2",
                  "from": "boom@0.4.x",
                  "dependencies": {
                    "hoek": {
                      "version": "0.9.1",
                      "from": "hoek@0.9.x"
                    }
                  }
                },
                "cryptiles": {
                  "version": "0.2.2",
                  "from": "cryptiles@0.2.x"
                },
                "sntp": {
                  "version": "0.2.4",
                  "from": "sntp@0.2.x",
                  "dependencies": {
                    "hoek": {
                      "version": "0.9.1",
                      "from": "hoek@0.9.x"
                    }
                  }
                }
              }
            },
            "aws-sign": {
              "version": "0.3.0",
              "from": "aws-sign@~0.3.0"
            },
            "oauth-sign": {
              "version": "0.3.0",
              "from": "oauth-sign@~0.3.0"
            },
            "cookie-jar": {
              "version": "0.3.0",
              "from": "cookie-jar@~0.3.0"
            },
            "node-uuid": {
              "version": "1.4.1",
              "from": "node-uuid@~1.4.0"
            },
            "mime": {
              "version": "1.2.11",
              "from": "mime@~1.2.9"
            },
            "form-data": {
              "version": "0.0.8",
              "from": "form-data@0.0.8",
              "dependencies": {
                "combined-stream": {
                  "version": "0.0.4",
                  "from": "combined-stream@~0.0.4",
                  "dependencies": {
                    "delayed-stream": {
                      "version": "0.0.5",
                      "from": "delayed-stream@0.0.5"
                    }
                  }
                }
              }
            }
          }
        },
        "archiver": {
          "version": "0.4.10",
          "from": "archiver@~0.4.10",
          "dependencies": {
            "readable-stream": {
              "version": "1.0.17",
              "from": "readable-stream@~1.0.2"
            },
            "iconv-lite": {
              "version": "0.2.11",
              "from": "iconv-lite@~0.2.11"
            }
          }
        },
        "lodash": {
          "version": "1.3.1",
          "from": "lodash@~1.3.1"
        },
        "underscore.string": {
          "version": "2.3.3",
          "from": "underscore.string@~2.3.3"
        }
      }
    },
    "mattisg.configloader": {
      "version": "0.2.0-alpha.2",
      "from": "mattisg.configloader@0.2"
    },
    "saucelabs": {
      "version": "0.1.1",
      "from": "saucelabs@",
      "resolved": "https://registry.npmjs.org/saucelabs/-/saucelabs-0.1.1.tgz"
    },
    "growl": {
      "version": "1.7.0",
      "from": "growl@>= 1.5"
    }
  }
}
