{
  "name": "watai",
  "version": "0.5.0-alpha2",
  "dependencies": {
    "q": {
      "version": "0.8.8"
    },
    "mootools": {
      "version": "1.4.5"
    },
    "winston": {
      "version": "0.6.2",
      "dependencies": {
        "async": {
          "version": "0.1.22"
        },
        "colors": {
          "version": "0.6.0-1"
        },
        "cycle": {
          "version": "1.0.0"
        },
        "eyes": {
          "version": "0.1.8"
        },
        "pkginfo": {
          "version": "0.2.3"
        },
        "request": {
          "version": "2.9.203"
        },
        "stack-trace": {
          "version": "0.0.6"
        }
      }
    },
    "selenium-webdriverjs": {
      "version": "0.1.0-r17990"
    },
    "mattisg.configloader": {
      "version": "0.1.2-beta"
    },
    "growl": {
      "version": "1.6.0"
    }
  }
}
